
Microsoft Visual Studio Solution File, Format Version 12.00
# Visual Studio Version 17
VisualStudioVersion = 17.7.34221.43
MinimumVisualStudioVersion = 10.0.40219.1
Project("{9A19103F-16F7-4668-BE54-9A1E7A4F7556}") = "Copse.Linq", "Copse.Linq\Copse.Linq.csproj", "{59658F10-6659-40CB-81AE-3272D182C696}"
EndProject
Project("{9A19103F-16F7-4668-BE54-9A1E7A4F7556}") = "Copse.Linq.Tests", "Copse.Linq.Tests\Copse.Linq.Tests.csproj", "{F2E4474E-C912-4EE8-9BE3-B25592C00720}"
EndProject
Project("{9A19103F-16F7-4668-BE54-9A1E7A4F7556}") = "Copse.Core", "Copse.Core\Copse.Core.csproj", "{4E6C8EA4-FDBF-4809-8A74-537FB9016530}"
EndProject
Project("{9A19103F-16F7-4668-BE54-9A1E7A4F7556}") = "Copse.TestUtils", "Copse.TestUtils\Copse.TestUtils.csproj", "{DD018031-09FB-40B1-A3A2-E3DED4584D11}"
EndProject
Project("{9A19103F-16F7-4668-BE54-9A1E7A4F7556}") = "Copse", "Copse\Copse.csproj", "{D403B056-47D1-42B7-8DD5-4289F0761704}"
EndProject
Project("{9A19103F-16F7-4668-BE54-9A1E7A4F7556}") = "Copse.SimpleSerializer", "Copse.SimpleSerializer\Copse.SimpleSerializer.csproj", "{4EA284B6-EEFD-443D-A625-A4989AF1CF07}"
EndProject
Project("{9A19103F-16F7-4668-BE54-9A1E7A4F7556}") = "Copse.Linq.Experimental", "Copse.Linq.Experimental\Copse.Linq.Experimental.csproj", "{36C68CCC-9B8B-4801-98FA-C77B4C6DC63D}"
EndProject
Project("{2150E333-8FDC-42A3-9474-1A3956D46DE8}") = "Solution Items", "Solution Items", "{DA17E9D9-C762-480F-B708-9BFB4656A2F0}"
	ProjectSection(SolutionItems) = preProject
		.editorconfig = .editorconfig
	EndProjectSection
EndProject
Project("{9A19103F-16F7-4668-BE54-9A1E7A4F7556}") = "Copse.Trees", "Copse.Trees\Copse.Trees.csproj", "{85D9A119-DC07-498E-ABFA-596D4472507E}"
EndProject
Project("{9A19103F-16F7-4668-BE54-9A1E7A4F7556}") = "Copse.Tests", "Copse.Tests\Copse.Tests.csproj", "{48170D75-3A17-4FF4-9EF8-2E625E893AFC}"
EndProject
Project("{9A19103F-16F7-4668-BE54-9A1E7A4F7556}") = "Copse.Benchmarks", "Copse.Benchmarks\Copse.Benchmarks.csproj", "{47224640-FAE5-4CC2-AFD3-571CACE8F75F}"
EndProject
Project("{FAE04EC0-301F-11D3-BF4B-00C04F79EFBC}") = "Copse.Primitives", "Copse.Primitives\Copse.Primitives.csproj", "{44B10CD3-BDED-4F5B-AB1F-5CEAC70DA173}"
EndProject
Project("{FAE04EC0-301F-11D3-BF4B-00C04F79EFBC}") = "Copse.Core.Async", "Copse.Core.Async\Copse.Core.Async.csproj", "{4846E957-EEDC-4BD7-B3BE-3F0F834B82AD}"
EndProject
Project("{FAE04EC0-301F-11D3-BF4B-00C04F79EFBC}") = "Copse.Async", "Copse.Async\Copse.Async.csproj", "{ACEC8911-46FF-40DB-8FF0-307CD3BB1247}"
EndProject
Project("{FAE04EC0-301F-11D3-BF4B-00C04F79EFBC}") = "Copse.Async.Smoke", "Copse.Async.Smoke\Copse.Async.Smoke.csproj", "{C8A8002D-C205-405B-BE74-464F169B5D6A}"
EndProject
Project("{FAE04EC0-301F-11D3-BF4B-00C04F79EFBC}") = "Copse.Traversal", "Copse.Traversal\Copse.Traversal.csproj", "{16D98532-C991-46AA-996B-AF86F8AAF9B8}"
EndProject
Project("{FAE04EC0-301F-11D3-BF4B-00C04F79EFBC}") = "Copse.Linq.Async", "Copse.Linq.Async\Copse.Linq.Async.csproj", "{67F98623-33B8-4414-BFDB-F4829A6968CC}"
EndProject
Global
	GlobalSection(SolutionConfigurationPlatforms) = preSolution
		Debug|Any CPU = Debug|Any CPU
		Debug|x64 = Debug|x64
		Debug|x86 = Debug|x86
		Release|Any CPU = Release|Any CPU
		Release|x64 = Release|x64
		Release|x86 = Release|x86
	EndGlobalSection
	GlobalSection(ProjectConfigurationPlatforms) = postSolution
		{59658F10-6659-40CB-81AE-3272D182C696}.Debug|Any CPU.ActiveCfg = Debug|Any CPU
		{59658F10-6659-40CB-81AE-3272D182C696}.Debug|Any CPU.Build.0 = Debug|Any CPU
		{59658F10-6659-40CB-81AE-3272D182C696}.Debug|x64.ActiveCfg = Debug|Any CPU
		{59658F10-6659-40CB-81AE-3272D182C696}.Debug|x64.Build.0 = Debug|Any CPU
		{59658F10-6659-40CB-81AE-3272D182C696}.Debug|x86.ActiveCfg = Debug|Any CPU
		{59658F10-6659-40CB-81AE-3272D182C696}.Debug|x86.Build.0 = Debug|Any CPU
		{59658F10-6659-40CB-81AE-3272D182C696}.Release|Any CPU.ActiveCfg = Release|Any CPU
		{59658F10-6659-40CB-81AE-3272D182C696}.Release|Any CPU.Build.0 = Release|Any CPU
		{59658F10-6659-40CB-81AE-3272D182C696}.Release|x64.ActiveCfg = Release|Any CPU
		{59658F10-6659-40CB-81AE-3272D182C696}.Release|x64.Build.0 = Release|Any CPU
		{59658F10-6659-40CB-81AE-3272D182C696}.Release|x86.ActiveCfg = Release|Any CPU
		{59658F10-6659-40CB-81AE-3272D182C696}.Release|x86.Build.0 = Release|Any CPU
		{F2E4474E-C912-4EE8-9BE3-B25592C00720}.Debug|Any CPU.ActiveCfg = Debug|Any CPU
		{F2E4474E-C912-4EE8-9BE3-B25592C00720}.Debug|Any CPU.Build.0 = Debug|Any CPU
		{F2E4474E-C912-4EE8-9BE3-B25592C00720}.Debug|x64.ActiveCfg = Debug|Any CPU
		{F2E4474E-C912-4EE8-9BE3-B25592C00720}.Debug|x64.Build.0 = Debug|Any CPU
		{F2E4474E-C912-4EE8-9BE3-B25592C00720}.Debug|x86.ActiveCfg = Debug|Any CPU
		{F2E4474E-C912-4EE8-9BE3-B25592C00720}.Debug|x86.Build.0 = Debug|Any CPU
		{F2E4474E-C912-4EE8-9BE3-B25592C00720}.Release|Any CPU.ActiveCfg = Release|Any CPU
		{F2E4474E-C912-4EE8-9BE3-B25592C00720}.Release|Any CPU.Build.0 = Release|Any CPU
		{F2E4474E-C912-4EE8-9BE3-B25592C00720}.Release|x64.ActiveCfg = Release|Any CPU
		{F2E4474E-C912-4EE8-9BE3-B25592C00720}.Release|x64.Build.0 = Release|Any CPU
		{F2E4474E-C912-4EE8-9BE3-B25592C00720}.Release|x86.ActiveCfg = Release|Any CPU
		{F2E4474E-C912-4EE8-9BE3-B25592C00720}.Release|x86.Build.0 = Release|Any CPU
		{4E6C8EA4-FDBF-4809-8A74-537FB9016530}.Debug|Any CPU.ActiveCfg = Debug|Any CPU
		{4E6C8EA4-FDBF-4809-8A74-537FB9016530}.Debug|Any CPU.Build.0 = Debug|Any CPU
		{4E6C8EA4-FDBF-4809-8A74-537FB9016530}.Debug|x64.ActiveCfg = Debug|Any CPU
		{4E6C8EA4-FDBF-4809-8A74-537FB9016530}.Debug|x64.Build.0 = Debug|Any CPU
		{4E6C8EA4-FDBF-4809-8A74-537FB9016530}.Debug|x86.ActiveCfg = Debug|Any CPU
		{4E6C8EA4-FDBF-4809-8A74-537FB9016530}.Debug|x86.Build.0 = Debug|Any CPU
		{4E6C8EA4-FDBF-4809-8A74-537FB9016530}.Release|Any CPU.ActiveCfg = Release|Any CPU
		{4E6C8EA4-FDBF-4809-8A74-537FB9016530}.Release|Any CPU.Build.0 = Release|Any CPU
		{4E6C8EA4-FDBF-4809-8A74-537FB9016530}.Release|x64.ActiveCfg = Release|Any CPU
		{4E6C8EA4-FDBF-4809-8A74-537FB9016530}.Release|x64.Build.0 = Release|Any CPU
		{4E6C8EA4-FDBF-4809-8A74-537FB9016530}.Release|x86.ActiveCfg = Release|Any CPU
		{4E6C8EA4-FDBF-4809-8A74-537FB9016530}.Release|x86.Build.0 = Release|Any CPU
		{DD018031-09FB-40B1-A3A2-E3DED4584D11}.Debug|Any CPU.ActiveCfg = Debug|Any CPU
		{DD018031-09FB-40B1-A3A2-E3DED4584D11}.Debug|Any CPU.Build.0 = Debug|Any CPU
		{DD018031-09FB-40B1-A3A2-E3DED4584D11}.Debug|x64.ActiveCfg = Debug|Any CPU
		{DD018031-09FB-40B1-A3A2-E3DED4584D11}.Debug|x64.Build.0 = Debug|Any CPU
		{DD018031-09FB-40B1-A3A2-E3DED4584D11}.Debug|x86.ActiveCfg = Debug|Any CPU
		{DD018031-09FB-40B1-A3A2-E3DED4584D11}.Debug|x86.Build.0 = Debug|Any CPU
		{DD018031-09FB-40B1-A3A2-E3DED4584D11}.Release|Any CPU.ActiveCfg = Release|Any CPU
		{DD018031-09FB-40B1-A3A2-E3DED4584D11}.Release|Any CPU.Build.0 = Release|Any CPU
		{DD018031-09FB-40B1-A3A2-E3DED4584D11}.Release|x64.ActiveCfg = Release|Any CPU
		{DD018031-09FB-40B1-A3A2-E3DED4584D11}.Release|x64.Build.0 = Release|Any CPU
		{DD018031-09FB-40B1-A3A2-E3DED4584D11}.Release|x86.ActiveCfg = Release|Any CPU
		{DD018031-09FB-40B1-A3A2-E3DED4584D11}.Release|x86.Build.0 = Release|Any CPU
		{D403B056-47D1-42B7-8DD5-4289F0761704}.Debug|Any CPU.ActiveCfg = Debug|Any CPU
		{D403B056-47D1-42B7-8DD5-4289F0761704}.Debug|Any CPU.Build.0 = Debug|Any CPU
		{D403B056-47D1-42B7-8DD5-4289F0761704}.Debug|x64.ActiveCfg = Debug|Any CPU
		{D403B056-47D1-42B7-8DD5-4289F0761704}.Debug|x64.Build.0 = Debug|Any CPU
		{D403B056-47D1-42B7-8DD5-4289F0761704}.Debug|x86.ActiveCfg = Debug|Any CPU
		{D403B056-47D1-42B7-8DD5-4289F0761704}.Debug|x86.Build.0 = Debug|Any CPU
		{D403B056-47D1-42B7-8DD5-4289F0761704}.Release|Any CPU.ActiveCfg = Release|Any CPU
		{D403B056-47D1-42B7-8DD5-4289F0761704}.Release|Any CPU.Build.0 = Release|Any CPU
		{D403B056-47D1-42B7-8DD5-4289F0761704}.Release|x64.ActiveCfg = Release|Any CPU
		{D403B056-47D1-42B7-8DD5-4289F0761704}.Release|x64.Build.0 = Release|Any CPU
		{D403B056-47D1-42B7-8DD5-4289F0761704}.Release|x86.ActiveCfg = Release|Any CPU
		{D403B056-47D1-42B7-8DD5-4289F0761704}.Release|x86.Build.0 = Release|Any CPU
		{4EA284B6-EEFD-443D-A625-A4989AF1CF07}.Debug|Any CPU.ActiveCfg = Debug|Any CPU
		{4EA284B6-EEFD-443D-A625-A4989AF1CF07}.Debug|Any CPU.Build.0 = Debug|Any CPU
		{4EA284B6-EEFD-443D-A625-A4989AF1CF07}.Debug|x64.ActiveCfg = Debug|Any CPU
		{4EA284B6-EEFD-443D-A625-A4989AF1CF07}.Debug|x64.Build.0 = Debug|Any CPU
		{4EA284B6-EEFD-443D-A625-A4989AF1CF07}.Debug|x86.ActiveCfg = Debug|Any CPU
		{4EA284B6-EEFD-443D-A625-A4989AF1CF07}.Debug|x86.Build.0 = Debug|Any CPU
		{4EA284B6-EEFD-443D-A625-A4989AF1CF07}.Release|Any CPU.ActiveCfg = Release|Any CPU
		{4EA284B6-EEFD-443D-A625-A4989AF1CF07}.Release|Any CPU.Build.0 = Release|Any CPU
		{4EA284B6-EEFD-443D-A625-A4989AF1CF07}.Release|x64.ActiveCfg = Release|Any CPU
		{4EA284B6-EEFD-443D-A625-A4989AF1CF07}.Release|x64.Build.0 = Release|Any CPU
		{4EA284B6-EEFD-443D-A625-A4989AF1CF07}.Release|x86.ActiveCfg = Release|Any CPU
		{4EA284B6-EEFD-443D-A625-A4989AF1CF07}.Release|x86.Build.0 = Release|Any CPU
		{36C68CCC-9B8B-4801-98FA-C77B4C6DC63D}.Debug|Any CPU.ActiveCfg = Debug|Any CPU
		{36C68CCC-9B8B-4801-98FA-C77B4C6DC63D}.Debug|x64.ActiveCfg = Debug|Any CPU
		{36C68CCC-9B8B-4801-98FA-C77B4C6DC63D}.Debug|x64.Build.0 = Debug|Any CPU
		{36C68CCC-9B8B-4801-98FA-C77B4C6DC63D}.Debug|x86.ActiveCfg = Debug|Any CPU
		{36C68CCC-9B8B-4801-98FA-C77B4C6DC63D}.Debug|x86.Build.0 = Debug|Any CPU
		{36C68CCC-9B8B-4801-98FA-C77B4C6DC63D}.Release|Any CPU.ActiveCfg = Release|Any CPU
		{36C68CCC-9B8B-4801-98FA-C77B4C6DC63D}.Release|x64.ActiveCfg = Release|Any CPU
		{36C68CCC-9B8B-4801-98FA-C77B4C6DC63D}.Release|x64.Build.0 = Release|Any CPU
		{36C68CCC-9B8B-4801-98FA-C77B4C6DC63D}.Release|x86.ActiveCfg = Release|Any CPU
		{36C68CCC-9B8B-4801-98FA-C77B4C6DC63D}.Release|x86.Build.0 = Release|Any CPU
		{85D9A119-DC07-498E-ABFA-596D4472507E}.Debug|Any CPU.ActiveCfg = Debug|Any CPU
		{85D9A119-DC07-498E-ABFA-596D4472507E}.Debug|Any CPU.Build.0 = Debug|Any CPU
		{85D9A119-DC07-498E-ABFA-596D4472507E}.Debug|x64.ActiveCfg = Debug|Any CPU
		{85D9A119-DC07-498E-ABFA-596D4472507E}.Debug|x64.Build.0 = Debug|Any CPU
		{85D9A119-DC07-498E-ABFA-596D4472507E}.Debug|x86.ActiveCfg = Debug|Any CPU
		{85D9A119-DC07-498E-ABFA-596D4472507E}.Debug|x86.Build.0 = Debug|Any CPU
		{85D9A119-DC07-498E-ABFA-596D4472507E}.Release|Any CPU.ActiveCfg = Release|Any CPU
		{85D9A119-DC07-498E-ABFA-596D4472507E}.Release|Any CPU.Build.0 = Release|Any CPU
		{85D9A119-DC07-498E-ABFA-596D4472507E}.Release|x64.ActiveCfg = Release|Any CPU
		{85D9A119-DC07-498E-ABFA-596D4472507E}.Release|x64.Build.0 = Release|Any CPU
		{85D9A119-DC07-498E-ABFA-596D4472507E}.Release|x86.ActiveCfg = Release|Any CPU
		{85D9A119-DC07-498E-ABFA-596D4472507E}.Release|x86.Build.0 = Release|Any CPU
		{48170D75-3A17-4FF4-9EF8-2E625E893AFC}.Debug|Any CPU.ActiveCfg = Debug|Any CPU
		{48170D75-3A17-4FF4-9EF8-2E625E893AFC}.Debug|Any CPU.Build.0 = Debug|Any CPU
		{48170D75-3A17-4FF4-9EF8-2E625E893AFC}.Debug|x64.ActiveCfg = Debug|Any CPU
		{48170D75-3A17-4FF4-9EF8-2E625E893AFC}.Debug|x64.Build.0 = Debug|Any CPU
		{48170D75-3A17-4FF4-9EF8-2E625E893AFC}.Debug|x86.ActiveCfg = Debug|Any CPU
		{48170D75-3A17-4FF4-9EF8-2E625E893AFC}.Debug|x86.Build.0 = Debug|Any CPU
		{48170D75-3A17-4FF4-9EF8-2E625E893AFC}.Release|Any CPU.ActiveCfg = Release|Any CPU
		{48170D75-3A17-4FF4-9EF8-2E625E893AFC}.Release|Any CPU.Build.0 = Release|Any CPU
		{48170D75-3A17-4FF4-9EF8-2E625E893AFC}.Release|x64.ActiveCfg = Release|Any CPU
		{48170D75-3A17-4FF4-9EF8-2E625E893AFC}.Release|x64.Build.0 = Release|Any CPU
		{48170D75-3A17-4FF4-9EF8-2E625E893AFC}.Release|x86.ActiveCfg = Release|Any CPU
		{48170D75-3A17-4FF4-9EF8-2E625E893AFC}.Release|x86.Build.0 = Release|Any CPU
		{47224640-FAE5-4CC2-AFD3-571CACE8F75F}.Debug|Any CPU.ActiveCfg = Debug|Any CPU
		{47224640-FAE5-4CC2-AFD3-571CACE8F75F}.Debug|Any CPU.Build.0 = Debug|Any CPU
		{47224640-FAE5-4CC2-AFD3-571CACE8F75F}.Debug|x64.ActiveCfg = Debug|Any CPU
		{47224640-FAE5-4CC2-AFD3-571CACE8F75F}.Debug|x64.Build.0 = Debug|Any CPU
		{47224640-FAE5-4CC2-AFD3-571CACE8F75F}.Debug|x86.ActiveCfg = Debug|Any CPU
		{47224640-FAE5-4CC2-AFD3-571CACE8F75F}.Debug|x86.Build.0 = Debug|Any CPU
		{47224640-FAE5-4CC2-AFD3-571CACE8F75F}.Release|Any CPU.ActiveCfg = Release|Any CPU
		{47224640-FAE5-4CC2-AFD3-571CACE8F75F}.Release|Any CPU.Build.0 = Release|Any CPU
		{47224640-FAE5-4CC2-AFD3-571CACE8F75F}.Release|x64.ActiveCfg = Release|Any CPU
		{47224640-FAE5-4CC2-AFD3-571CACE8F75F}.Release|x64.Build.0 = Release|Any CPU
		{47224640-FAE5-4CC2-AFD3-571CACE8F75F}.Release|x86.ActiveCfg = Release|Any CPU
		{47224640-FAE5-4CC2-AFD3-571CACE8F75F}.Release|x86.Build.0 = Release|Any CPU
		{44B10CD3-BDED-4F5B-AB1F-5CEAC70DA173}.Debug|Any CPU.ActiveCfg = Debug|Any CPU
		{44B10CD3-BDED-4F5B-AB1F-5CEAC70DA173}.Debug|Any CPU.Build.0 = Debug|Any CPU
		{44B10CD3-BDED-4F5B-AB1F-5CEAC70DA173}.Debug|x64.ActiveCfg = Debug|Any CPU
		{44B10CD3-BDED-4F5B-AB1F-5CEAC70DA173}.Debug|x64.Build.0 = Debug|Any CPU
		{44B10CD3-BDED-4F5B-AB1F-5CEAC70DA173}.Debug|x86.ActiveCfg = Debug|Any CPU
		{44B10CD3-BDED-4F5B-AB1F-5CEAC70DA173}.Debug|x86.Build.0 = Debug|Any CPU
		{44B10CD3-BDED-4F5B-AB1F-5CEAC70DA173}.Release|Any CPU.ActiveCfg = Release|Any CPU
		{44B10CD3-BDED-4F5B-AB1F-5CEAC70DA173}.Release|Any CPU.Build.0 = Release|Any CPU
		{44B10CD3-BDED-4F5B-AB1F-5CEAC70DA173}.Release|x64.ActiveCfg = Release|Any CPU
		{44B10CD3-BDED-4F5B-AB1F-5CEAC70DA173}.Release|x64.Build.0 = Release|Any CPU
		{44B10CD3-BDED-4F5B-AB1F-5CEAC70DA173}.Release|x86.ActiveCfg = Release|Any CPU
		{44B10CD3-BDED-4F5B-AB1F-5CEAC70DA173}.Release|x86.Build.0 = Release|Any CPU
		{4846E957-EEDC-4BD7-B3BE-3F0F834B82AD}.Debug|Any CPU.ActiveCfg = Debug|Any CPU
		{4846E957-EEDC-4BD7-B3BE-3F0F834B82AD}.Debug|Any CPU.Build.0 = Debug|Any CPU
		{4846E957-EEDC-4BD7-B3BE-3F0F834B82AD}.Debug|x64.ActiveCfg = Debug|Any CPU
		{4846E957-EEDC-4BD7-B3BE-3F0F834B82AD}.Debug|x64.Build.0 = Debug|Any CPU
		{4846E957-EEDC-4BD7-B3BE-3F0F834B82AD}.Debug|x86.ActiveCfg = Debug|Any CPU
		{4846E957-EEDC-4BD7-B3BE-3F0F834B82AD}.Debug|x86.Build.0 = Debug|Any CPU
		{4846E957-EEDC-4BD7-B3BE-3F0F834B82AD}.Release|Any CPU.ActiveCfg = Release|Any CPU
		{4846E957-EEDC-4BD7-B3BE-3F0F834B82AD}.Release|Any CPU.Build.0 = Release|Any CPU
		{4846E957-EEDC-4BD7-B3BE-3F0F834B82AD}.Release|x64.ActiveCfg = Release|Any CPU
		{4846E957-EEDC-4BD7-B3BE-3F0F834B82AD}.Release|x64.Build.0 = Release|Any CPU
		{4846E957-EEDC-4BD7-B3BE-3F0F834B82AD}.Release|x86.ActiveCfg = Release|Any CPU
		{4846E957-EEDC-4BD7-B3BE-3F0F834B82AD}.Release|x86.Build.0 = Release|Any CPU
		{ACEC8911-46FF-40DB-8FF0-307CD3BB1247}.Debug|Any CPU.ActiveCfg = Debug|Any CPU
		{ACEC8911-46FF-40DB-8FF0-307CD3BB1247}.Debug|Any CPU.Build.0 = Debug|Any CPU
		{ACEC8911-46FF-40DB-8FF0-307CD3BB1247}.Debug|x64.ActiveCfg = Debug|Any CPU
		{ACEC8911-46FF-40DB-8FF0-307CD3BB1247}.Debug|x64.Build.0 = Debug|Any CPU
		{ACEC8911-46FF-40DB-8FF0-307CD3BB1247}.Debug|x86.ActiveCfg = Debug|Any CPU
		{ACEC8911-46FF-40DB-8FF0-307CD3BB1247}.Debug|x86.Build.0 = Debug|Any CPU
		{ACEC8911-46FF-40DB-8FF0-307CD3BB1247}.Release|Any CPU.ActiveCfg = Release|Any CPU
		{ACEC8911-46FF-40DB-8FF0-307CD3BB1247}.Release|Any CPU.Build.0 = Release|Any CPU
		{ACEC8911-46FF-40DB-8FF0-307CD3BB1247}.Release|x64.ActiveCfg = Release|Any CPU
		{ACEC8911-46FF-40DB-8FF0-307CD3BB1247}.Release|x64.Build.0 = Release|Any CPU
		{ACEC8911-46FF-40DB-8FF0-307CD3BB1247}.Release|x86.ActiveCfg = Release|Any CPU
		{ACEC8911-46FF-40DB-8FF0-307CD3BB1247}.Release|x86.Build.0 = Release|Any CPU
		{C8A8002D-C205-405B-BE74-464F169B5D6A}.Debug|Any CPU.ActiveCfg = Debug|Any CPU
		{C8A8002D-C205-405B-BE74-464F169B5D6A}.Debug|Any CPU.Build.0 = Debug|Any CPU
		{C8A8002D-C205-405B-BE74-464F169B5D6A}.Debug|x64.ActiveCfg = Debug|Any CPU
		{C8A8002D-C205-405B-BE74-464F169B5D6A}.Debug|x64.Build.0 = Debug|Any CPU
		{C8A8002D-C205-405B-BE74-464F169B5D6A}.Debug|x86.ActiveCfg = Debug|Any CPU
		{C8A8002D-C205-405B-BE74-464F169B5D6A}.Debug|x86.Build.0 = Debug|Any CPU
		{C8A8002D-C205-405B-BE74-464F169B5D6A}.Release|Any CPU.ActiveCfg = Release|Any CPU
		{C8A8002D-C205-405B-BE74-464F169B5D6A}.Release|Any CPU.Build.0 = Release|Any CPU
		{C8A8002D-C205-405B-BE74-464F169B5D6A}.Release|x64.ActiveCfg = Release|Any CPU
		{C8A8002D-C205-405B-BE74-464F169B5D6A}.Release|x64.Build.0 = Release|Any CPU
		{C8A8002D-C205-405B-BE74-464F169B5D6A}.Release|x86.ActiveCfg = Release|Any CPU
		{C8A8002D-C205-405B-BE74-464F169B5D6A}.Release|x86.Build.0 = Release|Any CPU
		{16D98532-C991-46AA-996B-AF86F8AAF9B8}.Debug|Any CPU.ActiveCfg = Debug|Any CPU
		{16D98532-C991-46AA-996B-AF86F8AAF9B8}.Debug|Any CPU.Build.0 = Debug|Any CPU
		{16D98532-C991-46AA-996B-AF86F8AAF9B8}.Debug|x64.ActiveCfg = Debug|Any CPU
		{16D98532-C991-46AA-996B-AF86F8AAF9B8}.Debug|x64.Build.0 = Debug|Any CPU
		{16D98532-C991-46AA-996B-AF86F8AAF9B8}.Debug|x86.ActiveCfg = Debug|Any CPU
		{16D98532-C991-46AA-996B-AF86F8AAF9B8}.Debug|x86.Build.0 = Debug|Any CPU
		{16D98532-C991-46AA-996B-AF86F8AAF9B8}.Release|Any CPU.ActiveCfg = Release|Any CPU
		{16D98532-C991-46AA-996B-AF86F8AAF9B8}.Release|Any CPU.Build.0 = Release|Any CPU
		{16D98532-C991-46AA-996B-AF86F8AAF9B8}.Release|x64.ActiveCfg = Release|Any CPU
		{16D98532-C991-46AA-996B-AF86F8AAF9B8}.Release|x64.Build.0 = Release|Any CPU
		{16D98532-C991-46AA-996B-AF86F8AAF9B8}.Release|x86.ActiveCfg = Release|Any CPU
		{16D98532-C991-46AA-996B-AF86F8AAF9B8}.Release|x86.Build.0 = Release|Any CPU
		{67F98623-33B8-4414-BFDB-F4829A6968CC}.Debug|Any CPU.ActiveCfg = Debug|Any CPU
		{67F98623-33B8-4414-BFDB-F4829A6968CC}.Debug|Any CPU.Build.0 = Debug|Any CPU
		{67F98623-33B8-4414-BFDB-F4829A6968CC}.Debug|x64.ActiveCfg = Debug|Any CPU
		{67F98623-33B8-4414-BFDB-F4829A6968CC}.Debug|x64.Build.0 = Debug|Any CPU
		{67F98623-33B8-4414-BFDB-F4829A6968CC}.Debug|x86.ActiveCfg = Debug|Any CPU
		{67F98623-33B8-4414-BFDB-F4829A6968CC}.Debug|x86.Build.0 = Debug|Any CPU
		{67F98623-33B8-4414-BFDB-F4829A6968CC}.Release|Any CPU.ActiveCfg = Release|Any CPU
		{67F98623-33B8-4414-BFDB-F4829A6968CC}.Release|Any CPU.Build.0 = Release|Any CPU
		{67F98623-33B8-4414-BFDB-F4829A6968CC}.Release|x64.ActiveCfg = Release|Any CPU
		{67F98623-33B8-4414-BFDB-F4829A6968CC}.Release|x64.Build.0 = Release|Any CPU
		{67F98623-33B8-4414-BFDB-F4829A6968CC}.Release|x86.ActiveCfg = Release|Any CPU
		{67F98623-33B8-4414-BFDB-F4829A6968CC}.Release|x86.Build.0 = Release|Any CPU
	EndGlobalSection
	GlobalSection(SolutionProperties) = preSolution
		HideSolutionNode = FALSE
	EndGlobalSection
	GlobalSection(ExtensibilityGlobals) = postSolution
		SolutionGuid = {9E9757BA-BE6A-4E99-86CE-6B8E5055F94D}
	EndGlobalSection
EndGlobal
